
Microsoft Visual Studio Solution File, Format Version 12.00
# Visual Studio Version 17
VisualStudioVersion = 17.13.35617.110 d17.13
MinimumVisualStudioVersion = 10.0.40219.1
Project("{FAE04EC0-301F-11D3-BF4B-00C04F79EFBC}") = "API", "API.csproj", "{50B3600E-0551-4301-A0C0-7389E4DE7901}"
EndProject
Global
	GlobalSection(SolutionConfigurationPlatforms) = preSolution
		Debug|Any CPU = Debug|Any CPU
		Release|Any CPU = Release|Any CPU
	EndGlobalSection
	GlobalSection(ProjectConfigurationPlatforms) = postSolution
		{50B3600E-0551-4301-A0C0-7389E4DE7901}.Debug|Any CPU.ActiveCfg = Debug|Any CPU
		{50B3600E-0551-4301-A0C0-7389E4DE7901}.Debug|Any CPU.Build.0 = Debug|Any CPU
		{50B3600E-0551-4301-A0C0-7389E4DE7901}.Release|Any CPU.ActiveCfg = Release|Any CPU
		{50B3600E-0551-4301-A0C0-7389E4DE7901}.Release|Any CPU.Build.0 = Release|Any CPU
	EndGlobalSection
	GlobalSection(SolutionProperties) = preSolution
		HideSolutionNode = FALSE
	EndGlobalSection
	GlobalSection(ExtensibilityGlobals) = postSolution
		SolutionGuid = {614A49A3-5DCF-4943-939E-83752696E58B}
	EndGlobalSection
EndGlobal
